// !$*UTF8*$!
{
	archiveVersion = 1;
	classes = {
	};
	objectVersion = 50;
	objects = {

/* Begin PBXBuildFile section */
		5A5DB48223616579007D85DC /* AppDelegate.swift in Sources */ = {isa = PBXBuildFile; fileRef = 5A5DB48123616579007D85DC /* AppDelegate.swift */; };
		5A5DB48423616579007D85DC /* SceneDelegate.swift in Sources */ = {isa = PBXBuildFile; fileRef = 5A5DB48323616579007D85DC /* SceneDelegate.swift */; };
		5A5DB48623616579007D85DC /* ViewController.swift in Sources */ = {isa = PBXBuildFile; fileRef = 5A5DB48523616579007D85DC /* ViewController.swift */; };
		5A5DB48923616579007D85DC /* Main.storyboard in Resources */ = {isa = PBXBuildFile; fileRef = 5A5DB48723616579007D85DC /* Main.storyboard */; };
		5A5DB48B2361657B007D85DC /* Assets.xcassets in Resources */ = {isa = PBXBuildFile; fileRef = 5A5DB48A2361657B007D85DC /* Assets.xcassets */; };
		5A5DB48E2361657B007D85DC /* LaunchScreen.storyboard in Resources */ = {isa = PBXBuildFile; fileRef = 5A5DB48C2361657B007D85DC /* LaunchScreen.storyboard */; };
		5A5DB49C2361FE85007D85DC /* RoundBtn.swift in Sources */ = {isa = PBXBuildFile; fileRef = 5A5DB49B2361FE85007D85DC /* RoundBtn.swift */; };
/* End PBXBuildFile section */

/* Begin PBXFileReference section */
		5A5DB47E23616579007D85DC /* 2ndCalculator.app */ = {isa = PBXFileReference; explicitFileType = wrapper.application; includeInIndex = 0; path = 2ndCalculator.app; sourceTree = BUILT_PRODUCTS_DIR; };
		5A5DB48123616579007D85DC /* AppDelegate.swift */ = {isa = PBXFileReference; lastKnownFileType = sourcecode.swift; path = AppDelegate.swift; sourceTree = "<group>"; };
		5A5DB48323616579007D85DC /* SceneDelegate.swift */ = {isa = PBXFileReference; lastKnownFileType = sourcecode.swift; path = SceneDelegate.swift; sourceTree = "<group>"; };
		5A5DB48523616579007D85DC /* ViewController.swift */ = {isa = PBXFileReference; lastKnownFileType = sourcecode.swift; path = ViewController.swift; sourceTree = "<group>"; };
		5A5DB48823616579007D85DC /* Base */ = {isa = PBXFileReference; lastKnownFileType = file.storyboard; name = Base; path = Base.lproj/Main.storyboard; sourceTree = "<group>"; };
		5A5DB48A2361657B007D85DC /* Assets.xcassets */ = {isa = PBXFileReference; lastKnownFileType = folder.assetcatalog; path = Assets.xcassets; sourceTree = "<group>"; };
		5A5DB48D2361657B007D85DC /* Base */ = {isa = PBXFileReference; lastKnownFileType = file.storyboard; name = Base; path = Base.lproj/LaunchScreen.storyboard; sourceTree = "<group>"; };
		5A5DB48F2361657B007D85DC /* Info.plist */ = {isa = PBXFileReference; lastKnownFileType = text.plist.xml; path = Info.plist; sourceTree = "<group>"; };
		5A5DB49B2361FE85007D85DC /* RoundBtn.swift */ = {isa = PBXFileReference; lastKnownFileType = sourcecode.swift; path = RoundBtn.swift; sourceTree = "<group>"; };
/* End PBXFileReference section */

/* Begin PBXFrameworksBuildPhase section */
		5A5DB47B23616579007D85DC /* Frameworks */ = {
			isa = PBXFrameworksBuildPhase;
			buildActionMask = 2147483647;
			files = (
			);
			runOnlyForDeploymentPostprocessing = 0;
		};
/* End PBXFrameworksBuildPhase section */

/* Begin PBXGroup section */
		5A5DB47523616579007D85DC = {
			isa = PBXGroup;
			children = (
				5A5DB48023616579007D85DC /* 2ndCalculator */,
				5A5DB47F23616579007D85DC /* Products */,
			);
			sourceTree = "<group>";
		};
		5A5DB47F23616579007D85DC /* Products */ = {
			isa = PBXGroup;
			children = (
				5A5DB47E23616579007D85DC /* 2ndCalculator.app */,
			);
			name = Products;
			sourceTree = "<group>";
		};
		5A5DB48023616579007D85DC /* 2ndCalculator */ = {
			isa = PBXGroup;
			children = (
				5A5DB49823616628007D85DC /* Viewcontrollers */,
				5A5DB4972361661E007D85DC /* Sources */,
				5A5DB49623616615007D85DC /* Resources */,
				5A5DB48F2361657B007D85DC /* Info.plist */,
			);
			path = 2ndCalculator;
			sourceTree = "<group>";
		};
		5A5DB49623616615007D85DC /* Resources */ = {
			isa = PBXGroup;
			children = (
				5A5DB48323616579007D85DC /* SceneDelegate.swift */,
				5A5DB48123616579007D85DC /* AppDelegate.swift */,
				5A5DB48A2361657B007D85DC /* Assets.xcassets */,
			);
			path = Resources;
			sourceTree = "<group>";
		};
		5A5DB4972361661E007D85DC /* Sources */ = {
			isa = PBXGroup;
			children = (
				5A5DB48723616579007D85DC /* Main.storyboard */,
				5A5DB48C2361657B007D85DC /* LaunchScreen.storyboard */,
			);
			path = Sources;
			sourceTree = "<group>";
		};
		5A5DB49823616628007D85DC /* Viewcontrollers */ = {
			isa = PBXGroup;
			children = (
				5A5DB48523616579007D85DC /* ViewController.swift */,
				5A5DB49B2361FE85007D85DC /* RoundBtn.swift */,
			);
			path = Viewcontrollers;
			sourceTree = "<group>";
		};
/* End PBXGroup section */

/* Begin PBXNativeTarget section */
		5A5DB47D23616579007D85DC /* 2ndCalculator */ = {
			isa = PBXNativeTarget;
			buildConfigurationList = 5A5DB4922361657B007D85DC /* Build configuration list for PBXNativeTarget "2ndCalculator" */;
			buildPhases = (
				5A5DB47A23616579007D85DC /* Sources */,
				5A5DB47B23616579007D85DC /* Frameworks */,
				5A5DB47C23616579007D85DC /* Resources */,
			);
			buildRules = (
			);
			dependencies = (
			);
			name = 2ndCalculator;
			productName = 2ndCalculator;
			productReference = 5A5DB47E23616579007D85DC /* 2ndCalculator.app */;
			productType = "com.apple.product-type.application";
		};
/* End PBXNativeTarget section */

/* Begin PBXProject section */
		5A5DB47623616579007D85DC /* Project object */ = {
			isa = PBXProject;
			attributes = {
				LastSwiftUpdateCheck = 1100;
				LastUpgradeCheck = 1100;
				ORGANIZATIONNAME = ins25k;
				TargetAttributes = {
					5A5DB47D23616579007D85DC = {
						CreatedOnToolsVersion = 11.0;
					};
				};
			};
			buildConfigurationList = 5A5DB47923616579007D85DC /* Build configuration list for PBXProject "2ndCalculator" */;
			compatibilityVersion = "Xcode 9.3";
			developmentRegion = en;
			hasScannedForEncodings = 0;
			knownRegions = (
				en,
				Base,
			);
			mainGroup = 5A5DB47523616579007D85DC;
			productRefGroup = 5A5DB47F23616579007D85DC /* Products */;
			projectDirPath = "";
			projectRoot = "";
			targets = (
				5A5DB47D23616579007D85DC /* 2ndCalculator */,
			);
		};
/* End PBXProject section */

/* Begin PBXResourcesBuildPhase section */
		5A5DB47C23616579007D85DC /* Resources */ = {
			isa = PBXResourcesBuildPhase;
			buildActionMask = 2147483647;
			files = (
				5A5DB48E2361657B007D85DC /* LaunchScreen.storyboard in Resources */,
				5A5DB48B2361657B007D85DC /* Assets.xcassets in Resources */,
				5A5DB48923616579007D85DC /* Main.storyboard in Resources */,
			);
			runOnlyForDeploymentPostprocessing = 0;
		};
/* End PBXResourcesBuildPhase section */

/* Begin PBXSourcesBuildPhase section */
		5A5DB47A23616579007D85DC /* Sources */ = {
			isa = PBXSourcesBuildPhase;
			buildActionMask = 2147483647;
			files = (
				5A5DB48623616579007D85DC /* ViewController.swift in Sources */,
				5A5DB49C2361FE85007D85DC /* RoundBtn.swift in Sources */,
				5A5DB48223616579007D85DC /* AppDelegate.swift in Sources */,
				5A5DB48423616579007D85DC /* SceneDelegate.swift in Sources */,
			);
			runOnlyForDeploymentPostprocessing = 0;
		};
/* End PBXSourcesBuildPhase section */

/* Begin PBXVariantGroup section */
		5A5DB48723616579007D85DC /* Main.storyboard */ = {
			isa = PBXVariantGroup;
			children = (
				5A5DB48823616579007D85DC /* Base */,
			);
			name = Main.storyboard;
			sourceTree = "<group>";
		};
		5A5DB48C2361657B007D85DC /* LaunchScreen.storyboard */ = {
			isa = PBXVariantGroup;
			children = (
				5A5DB48D2361657B007D85DC /* Base */,
			);
			name = LaunchScreen.storyboard;
			sourceTree = "<group>";
		};
/* End PBXVariantGroup section */

/* Begin XCBuildConfiguration section */
		5A5DB4902361657B007D85DC /* Debug */ = {
			isa = XCBuildConfiguration;
			buildSettings = {
				ALWAYS_SEARCH_USER_PATHS = NO;
				CLANG_ANALYZER_NONNULL = YES;
				CLANG_ANALYZER_NUMBER_OBJECT_CONVERSION = YES_AGGRESSIVE;
				CLANG_CXX_LANGUAGE_STANDARD = "gnu++14";
				CLANG_CXX_LIBRARY = "libc++";
				CLANG_ENABLE_MODULES = YES;
				CLANG_ENABLE_OBJC_ARC = YES;
				CLANG_ENABLE_OBJC_WEAK = YES;
				CLANG_WARN_BLOCK_CAPTURE_AUTORELEASING = YES;
				CLANG_WARN_BOOL_CONVERSION = YES;
				CLANG_WARN_COMMA = YES;
				CLANG_WARN_CONSTANT_CONVERSION = YES;
				CLANG_WARN_DEPRECATED_OBJC_IMPLEMENTATIONS = YES;
				CLANG_WARN_DIRECT_OBJC_ISA_USAGE = YES_ERROR;
				CLANG_WARN_DOCUMENTATION_COMMENTS = YES;
				CLANG_WARN_EMPTY_BODY = YES;
				CLANG_WARN_ENUM_CONVERSION = YES;
				CLANG_WARN_INFINITE_RECURSION = YES;
				CLANG_WARN_INT_CONVERSION = YES;
				CLANG_WARN_NON_LITERAL_NULL_CONVERSION = YES;
				CLANG_WARN_OBJC_IMPLICIT_RETAIN_SELF = YES;
				CLANG_WARN_OBJC_LITERAL_CONVERSION = YES;
				CLANG_WARN_OBJC_ROOT_CLASS = YES_ERROR;
				CLANG_WARN_RANGE_LOOP_ANALYSIS = YES;
				CLANG_WARN_STRICT_PROTOTYPES = YES;
				CLANG_WARN_SUSPICIOUS_MOVE = YES;
				CLANG_WARN_UNGUARDED_AVAILABILITY = YES_AGGRESSIVE;
				CLANG_WARN_UNREACHABLE_CODE = YES;
				CLANG_WARN__DUPLICATE_METHOD_MATCH = YES;
				COPY_PHASE_STRIP = NO;
				DEBUG_INFORMATION_FORMAT = dwarf;
				ENABLE_STRICT_OBJC_MSGSEND = YES;
				ENABLE_TESTABILITY = YES;
				GCC_C_LANGUAGE_STANDARD = gnu11;
				GCC_DYNAMIC_NO_PIC = NO;
				GCC_NO_COMMON_BLOCKS = YES;
				GCC_OPTIMIZATION_LEVEL = 0;
				GCC_PREPROCESSOR_DEFINITIONS = (
					"DEBUG=1",
					"$(inherited)",
				);
				GCC_WARN_64_TO_32_BIT_CONVERSION = YES;
				GCC_WARN_ABOUT_RETURN_TYPE = YES_ERROR;
				GCC_WARN_UNDECLARED_SELECTOR = YES;
				GCC_WARN_UNINITIALIZED_AUTOS = YES_AGGRESSIVE;
				GCC_WARN_UNUSED_FUNCTION = YES;
				GCC_WARN_UNUSED_VARIABLE = YES;
				IPHONEOS_DEPLOYMENT_TARGET = 13.0;
				MTL_ENABLE_DEBUG_INFO = INCLUDE_SOURCE;
				MTL_FAST_MATH = YES;
				ONLY_ACTIVE_ARCH = YES;
				SDKROOT = iphoneos;
				SWIFT_ACTIVE_COMPILATION_CONDITIONS = DEBUG;
				SWIFT_OPTIMIZATION_LEVEL = "-Onone";
			};
			name = Debug;
		};
		5A5DB4912361657B007D85DC /* Release */ = {
			isa = XCBuildConfiguration;
			buildSettings = {
				ALWAYS_SEARCH_USER_PATHS = NO;
				CLANG_ANALYZER_NONNULL = YES;
				CLANG_ANALYZER_NUMBER_OBJECT_CONVERSION = YES_AGGRESSIVE;
				CLANG_CXX_LANGUAGE_STANDARD = "gnu++14";
				CLANG_CXX_LIBRARY = "libc++";
				CLANG_ENABLE_MODULES = YES;
				CLANG_ENABLE_OBJC_ARC = YES;
				CLANG_ENABLE_OBJC_WEAK = YES;
				CLANG_WARN_BLOCK_CAPTURE_AUTORELEASING = YES;
				CLANG_WARN_BOOL_CONVERSION = YES;
				CLANG_WARN_COMMA = YES;
				CLANG_WARN_CONSTANT_CONVERSION = YES;
				CLANG_WARN_DEPRECATED_OBJC_IMPLEMENTATIONS = YES;
				CLANG_WARN_DIRECT_OBJC_ISA_USAGE = YES_ERROR;
				CLANG_WARN_DOCUMENTATION_COMMENTS = YES;
				CLANG_WARN_EMPTY_BODY = YES;
				CLANG_WARN_ENUM_CONVERSION = YES;
				CLANG_WARN_INFINITE_RECURSION = YES;
				CLANG_WARN_INT_CONVERSION = YES;
				CLANG_WARN_NON_LITERAL_NULL_CONVERSION = YES;
				CLANG_WARN_OBJC_IMPLICIT_RETAIN_SELF = YES;
				CLANG_WARN_OBJC_LITERAL_CONVERSION = YES;
				CLANG_WARN_OBJC_ROOT_CLASS = YES_ERROR;
				CLANG_WARN_RANGE_LOOP_ANALYSIS = YES;
				CLANG_WARN_STRICT_PROTOTYPES = YES;
				CLANG_WARN_SUSPICIOUS_MOVE = YES;
				CLANG_WARN_UNGUARDED_AVAILABILITY = YES_AGGRESSIVE;
				CLANG_WARN_UNREACHABLE_CODE = YES;
				CLANG_WARN__DUPLICATE_METHOD_MATCH = YES;
				COPY_PHASE_STRIP = NO;
				DEBUG_INFORMATION_FORMAT = "dwarf-with-dsym";
				ENABLE_NS_ASSERTIONS = NO;
				ENABLE_STRICT_OBJC_MSGSEND = YES;
				GCC_C_LANGUAGE_STANDARD = gnu11;
				GCC_NO_COMMON_BLOCKS = YES;
				GCC_WARN_64_TO_32_BIT_CONVERSION = YES;
				GCC_WARN_ABOUT_RETURN_TYPE = YES_ERROR;
				GCC_WARN_UNDECLARED_SELECTOR = YES;
				GCC_WARN_UNINITIALIZED_AUTOS = YES_AGGRESSIVE;
				GCC_WARN_UNUSED_FUNCTION = YES;
				GCC_WARN_UNUSED_VARIABLE = YES;
				IPHONEOS_DEPLOYMENT_TARGET = 13.0;
				MTL_ENABLE_DEBUG_INFO = NO;
				MTL_FAST_MATH = YES;
				SDKROOT = iphoneos;
				SWIFT_COMPILATION_MODE = wholemodule;
				SWIFT_OPTIMIZATION_LEVEL = "-O";
				VALIDATE_PRODUCT = YES;
			};
			name = Release;
		};
		5A5DB4932361657B007D85DC /* Debug */ = {
			isa = XCBuildConfiguration;
			buildSettings = {
				ASSETCATALOG_COMPILER_APPICON_NAME = AppIcon;
				CODE_SIGN_STYLE = Automatic;
				INFOPLIST_FILE = 2ndCalculator/Info.plist;
				LD_RUNPATH_SEARCH_PATHS = (
					"$(inherited)",
					"@executable_path/Frameworks",
				);
				PRODUCT_BUNDLE_IDENTIFIER = "proj1.-ndCalculator";
				PRODUCT_NAME = "$(TARGET_NAME)";
				SWIFT_VERSION = 5.0;
				TARGETED_DEVICE_FAMILY = "1,2";
			};
			name = Debug;
		};
		5A5DB4942361657B007D85DC /* Release */ = {
			isa = XCBuildConfiguration;
			buildSettings = {
				ASSETCATALOG_COMPILER_APPICON_NAME = AppIcon;
				CODE_SIGN_STYLE = Automatic;
				INFOPLIST_FILE = 2ndCalculator/Info.plist;
				LD_RUNPATH_SEARCH_PATHS = (
					"$(inherited)",
					"@executable_path/Frameworks",
				);
				PRODUCT_BUNDLE_IDENTIFIER = "proj1.-ndCalculator";
				PRODUCT_NAME = "$(TARGET_NAME)";
				SWIFT_VERSION = 5.0;
				TARGETED_DEVICE_FAMILY = "1,2";
			};
			name = Release;
		};
/* End XCBuildConfiguration section */

/* Begin XCConfigurationList section */
		5A5DB47923616579007D85DC /* Build configuration list for PBXProject "2ndCalculator" */ = {
			isa = XCConfigurationList;
			buildConfigurations = (
				5A5DB4902361657B007D85DC /* Debug */,
				5A5DB4912361657B007D85DC /* Release */,
			);
			defaultConfigurationIsVisible = 0;
			defaultConfigurationName = Release;
		};
		5A5DB4922361657B007D85DC /* Build configuration list for PBXNativeTarget "2ndCalculator" */ = {
			isa = XCConfigurationList;
			buildConfigurations = (
				5A5DB4932361657B007D85DC /* Debug */,
				5A5DB4942361657B007D85DC /* Release */,
			);
			defaultConfigurationIsVisible = 0;
			defaultConfigurationName = Release;
		};
/* End XCConfigurationList section */
	};
	rootObject = 5A5DB47623616579007D85DC /* Project object */;
}
