// !$*UTF8*$!
{
	archiveVersion = 1;
	classes = {
	};
	objectVersion = 50;
	objects = {

/* Begin PBXBuildFile section */
		5A8658742359945B00B73C30 /* AppDelegate.swift in Sources */ = {isa = PBXBuildFile; fileRef = 5A8658732359945B00B73C30 /* AppDelegate.swift */; };
		5A8658762359945B00B73C30 /* SceneDelegate.swift in Sources */ = {isa = PBXBuildFile; fileRef = 5A8658752359945B00B73C30 /* SceneDelegate.swift */; };
		5A8658782359945B00B73C30 /* ViewController.swift in Sources */ = {isa = PBXBuildFile; fileRef = 5A8658772359945B00B73C30 /* ViewController.swift */; };
		5A86587B2359945B00B73C30 /* Main.storyboard in Resources */ = {isa = PBXBuildFile; fileRef = 5A8658792359945B00B73C30 /* Main.storyboard */; };
		5A86587D2359945D00B73C30 /* Assets.xcassets in Resources */ = {isa = PBXBuildFile; fileRef = 5A86587C2359945D00B73C30 /* Assets.xcassets */; };
		5A8658802359945D00B73C30 /* LaunchScreen.storyboard in Resources */ = {isa = PBXBuildFile; fileRef = 5A86587E2359945D00B73C30 /* LaunchScreen.storyboard */; };
/* End PBXBuildFile section */

/* Begin PBXFileReference section */
		5A8658702359945B00B73C30 /* flex.app */ = {isa = PBXFileReference; explicitFileType = wrapper.application; includeInIndex = 0; path = flex.app; sourceTree = BUILT_PRODUCTS_DIR; };
		5A8658732359945B00B73C30 /* AppDelegate.swift */ = {isa = PBXFileReference; lastKnownFileType = sourcecode.swift; path = AppDelegate.swift; sourceTree = "<group>"; };
		5A8658752359945B00B73C30 /* SceneDelegate.swift */ = {isa = PBXFileReference; lastKnownFileType = sourcecode.swift; path = SceneDelegate.swift; sourceTree = "<group>"; };
		5A8658772359945B00B73C30 /* ViewController.swift */ = {isa = PBXFileReference; lastKnownFileType = sourcecode.swift; path = ViewController.swift; sourceTree = "<group>"; };
		5A86587A2359945B00B73C30 /* Base */ = {isa = PBXFileReference; lastKnownFileType = file.storyboard; name = Base; path = Base.lproj/Main.storyboard; sourceTree = "<group>"; };
		5A86587C2359945D00B73C30 /* Assets.xcassets */ = {isa = PBXFileReference; lastKnownFileType = folder.assetcatalog; path = Assets.xcassets; sourceTree = "<group>"; };
		5A86587F2359945D00B73C30 /* Base */ = {isa = PBXFileReference; lastKnownFileType = file.storyboard; name = Base; path = Base.lproj/LaunchScreen.storyboard; sourceTree = "<group>"; };
		5A8658812359945D00B73C30 /* Info.plist */ = {isa = PBXFileReference; lastKnownFileType = text.plist.xml; path = Info.plist; sourceTree = "<group>"; };
/* End PBXFileReference section */

/* Begin PBXFrameworksBuildPhase section */
		5A86586D2359945B00B73C30 /* Frameworks */ = {
			isa = PBXFrameworksBuildPhase;
			buildActionMask = 2147483647;
			files = (
			);
			runOnlyForDeploymentPostprocessing = 0;
		};
/* End PBXFrameworksBuildPhase section */

/* Begin PBXGroup section */
		5A8658672359945A00B73C30 = {
			isa = PBXGroup;
			children = (
				5A8658722359945B00B73C30 /* flex */,
				5A8658712359945B00B73C30 /* Products */,
			);
			sourceTree = "<group>";
		};
		5A8658712359945B00B73C30 /* Products */ = {
			isa = PBXGroup;
			children = (
				5A8658702359945B00B73C30 /* flex.app */,
			);
			name = Products;
			sourceTree = "<group>";
		};
		5A8658722359945B00B73C30 /* flex */ = {
			isa = PBXGroup;
			children = (
				5A86588A2359949200B73C30 /* Viewcontrollers */,
				5A8658892359947500B73C30 /* Resources */,
				5A8658882359946B00B73C30 /* Sources */,
				5A8658812359945D00B73C30 /* Info.plist */,
			);
			path = flex;
			sourceTree = "<group>";
		};
		5A8658882359946B00B73C30 /* Sources */ = {
			isa = PBXGroup;
			children = (
				5A86587E2359945D00B73C30 /* LaunchScreen.storyboard */,
				5A86587C2359945D00B73C30 /* Assets.xcassets */,
			);
			path = Sources;
			sourceTree = "<group>";
		};
		5A8658892359947500B73C30 /* Resources */ = {
			isa = PBXGroup;
			children = (
				5A8658732359945B00B73C30 /* AppDelegate.swift */,
				5A8658752359945B00B73C30 /* SceneDelegate.swift */,
				5A8658792359945B00B73C30 /* Main.storyboard */,
			);
			path = Resources;
			sourceTree = "<group>";
		};
		5A86588A2359949200B73C30 /* Viewcontrollers */ = {
			isa = PBXGroup;
			children = (
				5A8658772359945B00B73C30 /* ViewController.swift */,
			);
			path = Viewcontrollers;
			sourceTree = "<group>";
		};
/* End PBXGroup section */

/* Begin PBXNativeTarget section */
		5A86586F2359945B00B73C30 /* flex */ = {
			isa = PBXNativeTarget;
			buildConfigurationList = 5A8658842359945D00B73C30 /* Build configuration list for PBXNativeTarget "flex" */;
			buildPhases = (
				5A86586C2359945B00B73C30 /* Sources */,
				5A86586D2359945B00B73C30 /* Frameworks */,
				5A86586E2359945B00B73C30 /* Resources */,
			);
			buildRules = (
			);
			dependencies = (
			);
			name = flex;
			productName = flex;
			productReference = 5A8658702359945B00B73C30 /* flex.app */;
			productType = "com.apple.product-type.application";
		};
/* End PBXNativeTarget section */

/* Begin PBXProject section */
		5A8658682359945A00B73C30 /* Project object */ = {
			isa = PBXProject;
			attributes = {
				LastSwiftUpdateCheck = 1100;
				LastUpgradeCheck = 1100;
				ORGANIZATIONNAME = ins25k;
				TargetAttributes = {
					5A86586F2359945B00B73C30 = {
						CreatedOnToolsVersion = 11.0;
					};
				};
			};
			buildConfigurationList = 5A86586B2359945A00B73C30 /* Build configuration list for PBXProject "flex" */;
			compatibilityVersion = "Xcode 9.3";
			developmentRegion = en;
			hasScannedForEncodings = 0;
			knownRegions = (
				en,
				Base,
			);
			mainGroup = 5A8658672359945A00B73C30;
			productRefGroup = 5A8658712359945B00B73C30 /* Products */;
			projectDirPath = "";
			projectRoot = "";
			targets = (
				5A86586F2359945B00B73C30 /* flex */,
			);
		};
/* End PBXProject section */

/* Begin PBXResourcesBuildPhase section */
		5A86586E2359945B00B73C30 /* Resources */ = {
			isa = PBXResourcesBuildPhase;
			buildActionMask = 2147483647;
			files = (
				5A8658802359945D00B73C30 /* LaunchScreen.storyboard in Resources */,
				5A86587D2359945D00B73C30 /* Assets.xcassets in Resources */,
				5A86587B2359945B00B73C30 /* Main.storyboard in Resources */,
			);
			runOnlyForDeploymentPostprocessing = 0;
		};
/* End PBXResourcesBuildPhase section */

/* Begin PBXSourcesBuildPhase section */
		5A86586C2359945B00B73C30 /* Sources */ = {
			isa = PBXSourcesBuildPhase;
			buildActionMask = 2147483647;
			files = (
				5A8658782359945B00B73C30 /* ViewController.swift in Sources */,
				5A8658742359945B00B73C30 /* AppDelegate.swift in Sources */,
				5A8658762359945B00B73C30 /* SceneDelegate.swift in Sources */,
			);
			runOnlyForDeploymentPostprocessing = 0;
		};
/* End PBXSourcesBuildPhase section */

/* Begin PBXVariantGroup section */
		5A8658792359945B00B73C30 /* Main.storyboard */ = {
			isa = PBXVariantGroup;
			children = (
				5A86587A2359945B00B73C30 /* Base */,
			);
			name = Main.storyboard;
			sourceTree = "<group>";
		};
		5A86587E2359945D00B73C30 /* LaunchScreen.storyboard */ = {
			isa = PBXVariantGroup;
			children = (
				5A86587F2359945D00B73C30 /* Base */,
			);
			name = LaunchScreen.storyboard;
			sourceTree = "<group>";
		};
/* End PBXVariantGroup section */

/* Begin XCBuildConfiguration section */
		5A8658822359945D00B73C30 /* Debug */ = {
			isa = XCBuildConfiguration;
			buildSettings = {
				ALWAYS_SEARCH_USER_PATHS = NO;
				CLANG_ANALYZER_NONNULL = YES;
				CLANG_ANALYZER_NUMBER_OBJECT_CONVERSION = YES_AGGRESSIVE;
				CLANG_CXX_LANGUAGE_STANDARD = "gnu++14";
				CLANG_CXX_LIBRARY = "libc++";
				CLANG_ENABLE_MODULES = YES;
				CLANG_ENABLE_OBJC_ARC = YES;
				CLANG_ENABLE_OBJC_WEAK = YES;
				CLANG_WARN_BLOCK_CAPTURE_AUTORELEASING = YES;
				CLANG_WARN_BOOL_CONVERSION = YES;
				CLANG_WARN_COMMA = YES;
				CLANG_WARN_CONSTANT_CONVERSION = YES;
				CLANG_WARN_DEPRECATED_OBJC_IMPLEMENTATIONS = YES;
				CLANG_WARN_DIRECT_OBJC_ISA_USAGE = YES_ERROR;
				CLANG_WARN_DOCUMENTATION_COMMENTS = YES;
				CLANG_WARN_EMPTY_BODY = YES;
				CLANG_WARN_ENUM_CONVERSION = YES;
				CLANG_WARN_INFINITE_RECURSION = YES;
				CLANG_WARN_INT_CONVERSION = YES;
				CLANG_WARN_NON_LITERAL_NULL_CONVERSION = YES;
				CLANG_WARN_OBJC_IMPLICIT_RETAIN_SELF = YES;
				CLANG_WARN_OBJC_LITERAL_CONVERSION = YES;
				CLANG_WARN_OBJC_ROOT_CLASS = YES_ERROR;
				CLANG_WARN_RANGE_LOOP_ANALYSIS = YES;
				CLANG_WARN_STRICT_PROTOTYPES = YES;
				CLANG_WARN_SUSPICIOUS_MOVE = YES;
				CLANG_WARN_UNGUARDED_AVAILABILITY = YES_AGGRESSIVE;
				CLANG_WARN_UNREACHABLE_CODE = YES;
				CLANG_WARN__DUPLICATE_METHOD_MATCH = YES;
				COPY_PHASE_STRIP = NO;
				DEBUG_INFORMATION_FORMAT = dwarf;
				ENABLE_STRICT_OBJC_MSGSEND = YES;
				ENABLE_TESTABILITY = YES;
				GCC_C_LANGUAGE_STANDARD = gnu11;
				GCC_DYNAMIC_NO_PIC = NO;
				GCC_NO_COMMON_BLOCKS = YES;
				GCC_OPTIMIZATION_LEVEL = 0;
				GCC_PREPROCESSOR_DEFINITIONS = (
					"DEBUG=1",
					"$(inherited)",
				);
				GCC_WARN_64_TO_32_BIT_CONVERSION = YES;
				GCC_WARN_ABOUT_RETURN_TYPE = YES_ERROR;
				GCC_WARN_UNDECLARED_SELECTOR = YES;
				GCC_WARN_UNINITIALIZED_AUTOS = YES_AGGRESSIVE;
				GCC_WARN_UNUSED_FUNCTION = YES;
				GCC_WARN_UNUSED_VARIABLE = YES;
				IPHONEOS_DEPLOYMENT_TARGET = 13.0;
				MTL_ENABLE_DEBUG_INFO = INCLUDE_SOURCE;
				MTL_FAST_MATH = YES;
				ONLY_ACTIVE_ARCH = YES;
				SDKROOT = iphoneos;
				SWIFT_ACTIVE_COMPILATION_CONDITIONS = DEBUG;
				SWIFT_OPTIMIZATION_LEVEL = "-Onone";
			};
			name = Debug;
		};
		5A8658832359945D00B73C30 /* Release */ = {
			isa = XCBuildConfiguration;
			buildSettings = {
				ALWAYS_SEARCH_USER_PATHS = NO;
				CLANG_ANALYZER_NONNULL = YES;
				CLANG_ANALYZER_NUMBER_OBJECT_CONVERSION = YES_AGGRESSIVE;
				CLANG_CXX_LANGUAGE_STANDARD = "gnu++14";
				CLANG_CXX_LIBRARY = "libc++";
				CLANG_ENABLE_MODULES = YES;
				CLANG_ENABLE_OBJC_ARC = YES;
				CLANG_ENABLE_OBJC_WEAK = YES;
				CLANG_WARN_BLOCK_CAPTURE_AUTORELEASING = YES;
				CLANG_WARN_BOOL_CONVERSION = YES;
				CLANG_WARN_COMMA = YES;
				CLANG_WARN_CONSTANT_CONVERSION = YES;
				CLANG_WARN_DEPRECATED_OBJC_IMPLEMENTATIONS = YES;
				CLANG_WARN_DIRECT_OBJC_ISA_USAGE = YES_ERROR;
				CLANG_WARN_DOCUMENTATION_COMMENTS = YES;
				CLANG_WARN_EMPTY_BODY = YES;
				CLANG_WARN_ENUM_CONVERSION = YES;
				CLANG_WARN_INFINITE_RECURSION = YES;
				CLANG_WARN_INT_CONVERSION = YES;
				CLANG_WARN_NON_LITERAL_NULL_CONVERSION = YES;
				CLANG_WARN_OBJC_IMPLICIT_RETAIN_SELF = YES;
				CLANG_WARN_OBJC_LITERAL_CONVERSION = YES;
				CLANG_WARN_OBJC_ROOT_CLASS = YES_ERROR;
				CLANG_WARN_RANGE_LOOP_ANALYSIS = YES;
				CLANG_WARN_STRICT_PROTOTYPES = YES;
				CLANG_WARN_SUSPICIOUS_MOVE = YES;
				CLANG_WARN_UNGUARDED_AVAILABILITY = YES_AGGRESSIVE;
				CLANG_WARN_UNREACHABLE_CODE = YES;
				CLANG_WARN__DUPLICATE_METHOD_MATCH = YES;
				COPY_PHASE_STRIP = NO;
				DEBUG_INFORMATION_FORMAT = "dwarf-with-dsym";
				ENABLE_NS_ASSERTIONS = NO;
				ENABLE_STRICT_OBJC_MSGSEND = YES;
				GCC_C_LANGUAGE_STANDARD = gnu11;
				GCC_NO_COMMON_BLOCKS = YES;
				GCC_WARN_64_TO_32_BIT_CONVERSION = YES;
				GCC_WARN_ABOUT_RETURN_TYPE = YES_ERROR;
				GCC_WARN_UNDECLARED_SELECTOR = YES;
				GCC_WARN_UNINITIALIZED_AUTOS = YES_AGGRESSIVE;
				GCC_WARN_UNUSED_FUNCTION = YES;
				GCC_WARN_UNUSED_VARIABLE = YES;
				IPHONEOS_DEPLOYMENT_TARGET = 13.0;
				MTL_ENABLE_DEBUG_INFO = NO;
				MTL_FAST_MATH = YES;
				SDKROOT = iphoneos;
				SWIFT_COMPILATION_MODE = wholemodule;
				SWIFT_OPTIMIZATION_LEVEL = "-O";
				VALIDATE_PRODUCT = YES;
			};
			name = Release;
		};
		5A8658852359945D00B73C30 /* Debug */ = {
			isa = XCBuildConfiguration;
			buildSettings = {
				ASSETCATALOG_COMPILER_APPICON_NAME = AppIcon;
				CODE_SIGN_STYLE = Automatic;
				INFOPLIST_FILE = flex/Info.plist;
				LD_RUNPATH_SEARCH_PATHS = (
					"$(inherited)",
					"@executable_path/Frameworks",
				);
				PRODUCT_BUNDLE_IDENTIFIER = proj1.flex;
				PRODUCT_NAME = flex;
				SWIFT_VERSION = 5.0;
				TARGETED_DEVICE_FAMILY = "1,2";
			};
			name = Debug;
		};
		5A8658862359945D00B73C30 /* Release */ = {
			isa = XCBuildConfiguration;
			buildSettings = {
				ASSETCATALOG_COMPILER_APPICON_NAME = AppIcon;
				CODE_SIGN_STYLE = Automatic;
				INFOPLIST_FILE = flex/Info.plist;
				LD_RUNPATH_SEARCH_PATHS = (
					"$(inherited)",
					"@executable_path/Frameworks",
				);
				PRODUCT_BUNDLE_IDENTIFIER = proj1.flex;
				PRODUCT_NAME = flex;
				SWIFT_VERSION = 5.0;
				TARGETED_DEVICE_FAMILY = "1,2";
			};
			name = Release;
		};
/* End XCBuildConfiguration section */

/* Begin XCConfigurationList section */
		5A86586B2359945A00B73C30 /* Build configuration list for PBXProject "flex" */ = {
			isa = XCConfigurationList;
			buildConfigurations = (
				5A8658822359945D00B73C30 /* Debug */,
				5A8658832359945D00B73C30 /* Release */,
			);
			defaultConfigurationIsVisible = 0;
			defaultConfigurationName = Release;
		};
		5A8658842359945D00B73C30 /* Build configuration list for PBXNativeTarget "flex" */ = {
			isa = XCConfigurationList;
			buildConfigurations = (
				5A8658852359945D00B73C30 /* Debug */,
				5A8658862359945D00B73C30 /* Release */,
			);
			defaultConfigurationIsVisible = 0;
			defaultConfigurationName = Release;
		};
/* End XCConfigurationList section */
	};
	rootObject = 5A8658682359945A00B73C30 /* Project object */;
}
